
Microsoft Visual Studio Solution File, Format Version 12.00
# Visual Studio Version 16
VisualStudioVersion = 16.0.29201.188
MinimumVisualStudioVersion = 10.0.40219.1
Project("{FAE04EC0-301F-11D3-BF4B-00C04F79EFBC}") = "TVShower", "TVShower\TVShower.csproj", "{8F57206A-9D14-4169-9B25-75FF630AD0EA}"
EndProject
Global
	GlobalSection(SolutionConfigurationPlatforms) = preSolution
		Debug|Any CPU = Debug|Any CPU
		Release|Any CPU = Release|Any CPU
	EndGlobalSection
	GlobalSection(ProjectConfigurationPlatforms) = postSolution
		{8F57206A-9D14-4169-9B25-75FF630AD0EA}.Debug|Any CPU.ActiveCfg = Debug|Any CPU
		{8F57206A-9D14-4169-9B25-75FF630AD0EA}.Debug|Any CPU.Build.0 = Debug|Any CPU
		{8F57206A-9D14-4169-9B25-75FF630AD0EA}.Release|Any CPU.ActiveCfg = Release|Any CPU
		{8F57206A-9D14-4169-9B25-75FF630AD0EA}.Release|Any CPU.Build.0 = Release|Any CPU
	EndGlobalSection
	GlobalSection(SolutionProperties) = preSolution
		HideSolutionNode = FALSE
	EndGlobalSection
	GlobalSection(ExtensibilityGlobals) = postSolution
		SolutionGuid = {ED76753E-EF64-46B9-9196-EA5907410AFF}
	EndGlobalSection
EndGlobal
